
Microsoft Visual Studio Solution File, Format Version 12.00
# Visual Studio Version 16
VisualStudioVersion = 16.0.31005.135
MinimumVisualStudioVersion = 10.0.40219.1
Project("{FAE04EC0-301F-11D3-BF4B-00C04F79EFBC}") = "Alea-Books-API.Web", "Alea-Books-API.Web\Alea-Books-API.Web.csproj", "{15ECE1E9-FD3B-48C9-A178-36FBC86161E0}"
EndProject
Global
	GlobalSection(SolutionConfigurationPlatforms) = preSolution
		Debug|Any CPU = Debug|Any CPU
		Release|Any CPU = Release|Any CPU
	EndGlobalSection
	GlobalSection(ProjectConfigurationPlatforms) = postSolution
		{15ECE1E9-FD3B-48C9-A178-36FBC86161E0}.Debug|Any CPU.ActiveCfg = Debug|Any CPU
		{15ECE1E9-FD3B-48C9-A178-36FBC86161E0}.Debug|Any CPU.Build.0 = Debug|Any CPU
		{15ECE1E9-FD3B-48C9-A178-36FBC86161E0}.Release|Any CPU.ActiveCfg = Release|Any CPU
		{15ECE1E9-FD3B-48C9-A178-36FBC86161E0}.Release|Any CPU.Build.0 = Release|Any CPU
	EndGlobalSection
	GlobalSection(SolutionProperties) = preSolution
		HideSolutionNode = FALSE
	EndGlobalSection
	GlobalSection(ExtensibilityGlobals) = postSolution
		SolutionGuid = {3414590A-1F4E-4BAA-BD3F-B81B3FEE990F}
	EndGlobalSection
EndGlobal
